
Microsoft Visual Studio Solution File, Format Version 12.00
# Generated by MeteorBuild (R)
# Visual Studio Version 18
VisualStudioVersion = 18.6.11822.322 stable
MinimumVisualStudioVersion = 10.0.40219.1
Project("{8BC9CEB8-8B4A-11D0-8D11-00A0C91BC942}") = "Core", "intermediate\Apollo\Core\Core.vcxproj", "{301AFFD1-147F-4787-B620-8BD603516734}"
EndProject
Project("{8BC9CEB8-8B4A-11D0-8D11-00A0C91BC942}") = "Vulkan", "intermediate\Apollo\Vulkan\Vulkan.vcxproj", "{11EA39FF-4A4B-4A45-B24F-BADE3D78B7B1}"
EndProject
Global
	GlobalSection(SolutionConfigurationPlatforms) = preSolution
		Debug|x64 = Debug|x64
		Development|x64 = Development|x64
		Shipping|x64 = Shipping|x64
	EndGlobalSection
	GlobalSection(ProjectConfigurationPlatforms) = postSolution
		{301AFFD1-147F-4787-B620-8BD603516734}.Debug|x64.ActiveCfg = Debug|x64
		{301AFFD1-147F-4787-B620-8BD603516734}.Debug|x64.Build.0 = Debug|x64
		{301AFFD1-147F-4787-B620-8BD603516734}.Development|x64.ActiveCfg = Development|x64
		{301AFFD1-147F-4787-B620-8BD603516734}.Development|x64.Build.0 = Development|x64
		{301AFFD1-147F-4787-B620-8BD603516734}.Shipping|x64.ActiveCfg = Shipping|x64
		{301AFFD1-147F-4787-B620-8BD603516734}.Shipping|x64.Build.0 = Shipping|x64
		{11EA39FF-4A4B-4A45-B24F-BADE3D78B7B1}.Debug|x64.ActiveCfg = Debug|x64
		{11EA39FF-4A4B-4A45-B24F-BADE3D78B7B1}.Debug|x64.Build.0 = Debug|x64
		{11EA39FF-4A4B-4A45-B24F-BADE3D78B7B1}.Development|x64.ActiveCfg = Development|x64
		{11EA39FF-4A4B-4A45-B24F-BADE3D78B7B1}.Development|x64.Build.0 = Development|x64
		{11EA39FF-4A4B-4A45-B24F-BADE3D78B7B1}.Shipping|x64.ActiveCfg = Shipping|x64
		{11EA39FF-4A4B-4A45-B24F-BADE3D78B7B1}.Shipping|x64.Build.0 = Shipping|x64
	EndGlobalSection
	GlobalSection(SolutionProperties) = preSolution
		HideSolutionNode = FALSE
	EndGlobalSection
	GlobalSection(ExtensibilityGlobals) = postSolution
		SolutionGuid = {AA608957-F51B-42D4-B1F6-BD1ECD392823}
	EndGlobalSection
EndProject
