<?xml version="1.0" encoding="utf-8"?>
<Project ToolsVersion="4.0" xmlns="http://schemas.microsoft.com/developer/msbuild/2003">
  <ItemGroup>
    <Filter Include="Source Files">
      <UniqueIdentifier>{4FC737F1-C7A5-4376-A066-2A32D752A2FF}</UniqueIdentifier>
      <Extensions>cpp;c;cc;cxx;c++;cppm;ixx;def;odl;idl;hpj;bat;asm;asmx</Extensions>
    </Filter>
    <Filter Include="Header Files">
      <UniqueIdentifier>{93995380-89BD-4b04-88EB-625FBE52EBFB}</UniqueIdentifier>
      <Extensions>h;hh;hpp;hxx;h++;hm;inl;inc;ipp;xsd</Extensions>
    </Filter>
    <Filter Include="Resource Files">
      <UniqueIdentifier>{67DA6AB6-F800-4c08-8B7A-83BB121AAD01}</UniqueIdentifier>
      <Extensions>rc;ico;cur;bmp;dlg;rc2;rct;bin;rgs;gif;jpg;jpeg;jpe;resx;tiff;tif;png;wav;mfcribbon-ms</Extensions>
    </Filter>
  </ItemGroup>
  <ItemGroup>
    <ClCompile Include="engine\Core\Application\Application.cpp">
      <Filter>Source Files</Filter>
    </ClCompile>
    <ClCompile Include="engine\Core\Commandlet.cpp">
      <Filter>Source Files</Filter>
    </ClCompile>
    <ClCompile Include="engine\Core\Types\String.cpp">
      <Filter>Source Files</Filter>
    </ClCompile>
    <ClCompile Include="engine\Core\Types\Vector.cpp">
      <Filter>Source Files</Filter>
    </ClCompile>
    <ClCompile Include="engine\Core\Module\ModuleManager.cpp">
      <Filter>Source Files</Filter>
    </ClCompile>
    <ClCompile Include="engine\Core\Module\Module.cpp">
      <Filter>Source Files</Filter>
    </ClCompile>
    <ClCompile Include="engine\Core\Special\LaunchMeteorSuite.h">
      <Filter>Source Files</Filter>
    </ClCompile>
    <ClCompile Include="engine\Core\Types\Name.cpp">
      <Filter>Source Files</Filter>
    </ClCompile>
    <ClCompile Include="engine\Core\Types\NameCollection.cpp">
      <Filter>Source Files</Filter>
    </ClCompile>
    <ClCompile Include="engine\Core\Platform\Platform_Win32.cpp">
      <Filter>Source Files</Filter>
    </ClCompile>
    <ClCompile Include="engine\Core\Memory\MemoryHandler.cpp">
      <Filter>Source Files</Filter>
    </ClCompile>
    <ClCompile Include="engine\Core\Memory\MemoryRegion.cpp">
      <Filter>Source Files</Filter>
    </ClCompile>
    <ClCompile Include="engine\Core\Memory\MemoryBlockArena.cpp">
      <Filter>Source Files</Filter>
    </ClCompile>
    <ClCompile Include="engine\Core\Logging\Log.cpp">
      <Filter>Source Files</Filter>
    </ClCompile>
  </ItemGroup>
  <ItemGroup>
    <ClInclude Include="engine\Core\Application\Application.h">
      <Filter>Header Files</Filter>
    </ClInclude>
    <ClInclude Include="engine\Core\Commandlet.h">
      <Filter>Header Files</Filter>
    </ClInclude>
    <ClInclude Include="engine\Core\Types\Array.h">
      <Filter>Header Files</Filter>
    </ClInclude>
    <ClInclude Include="engine\Core\Types\Delegate.h">
      <Filter>Header Files</Filter>
    </ClInclude>
    <ClInclude Include="engine\Core\Types\Vector.h">
      <Filter>Header Files</Filter>
    </ClInclude>
    <ClInclude Include="engine\Core\Special\Version.h">
      <Filter>Header Files</Filter>
    </ClInclude>
    <ClInclude Include="engine\Core\Types\Pointers.h">
      <Filter>Header Files</Filter>
    </ClInclude>
    <ClInclude Include="engine\Core\Common\Conversions.h">
      <Filter>Header Files</Filter>
    </ClInclude>
    <ClInclude Include="engine\Core\Module\ModuleManager.h">
      <Filter>Header Files</Filter>
    </ClInclude>
    <ClInclude Include="engine\Core\Types\Iterator.h">
      <Filter>Header Files</Filter>
    </ClInclude>
    <ClInclude Include="engine\Core\Module\Module.h">
      <Filter>Header Files</Filter>
    </ClInclude>
    <ClInclude Include="engine\Core\Types\Traits.h">
      <Filter>Header Files</Filter>
    </ClInclude>
    <ClInclude Include="engine\Core\Common\Maths.h">
      <Filter>Header Files</Filter>
    </ClInclude>
    <ClInclude Include="engine\Core\Logging\Log.h">
      <Filter>Header Files</Filter>
    </ClInclude>
    <ClInclude Include="engine\Core\Logging\LogMacros.h">
      <Filter>Header Files</Filter>
    </ClInclude>
    <ClInclude Include="engine\Core\Types\Map.h">
      <Filter>Header Files</Filter>
    </ClInclude>
    <ClInclude Include="engine\Core\Types\Name.h">
      <Filter>Header Files</Filter>
    </ClInclude>
    <ClInclude Include="engine\Core\Types\NameCollection.h">
      <Filter>Header Files</Filter>
    </ClInclude>
    <ClInclude Include="engine\Core\Special\EngineConstants.h">
      <Filter>Header Files</Filter>
    </ClInclude>
    <ClInclude Include="engine\Core\Common\Configuration.h">
      <Filter>Header Files</Filter>
    </ClInclude>
    <ClInclude Include="engine\Core\Platform\Platform.h">
      <Filter>Header Files</Filter>
    </ClInclude>
    <ClInclude Include="engine\Core\Platform\DataTypes.h">
      <Filter>Header Files</Filter>
    </ClInclude>
    <ClInclude Include="engine\Core\Memory\MemoryHandler.h">
      <Filter>Header Files</Filter>
    </ClInclude>
    <ClInclude Include="engine\Core\Memory\MemoryRegion.h">
      <Filter>Header Files</Filter>
    </ClInclude>
    <ClInclude Include="engine\Core\Memory\MemoryBlockArena.h">
      <Filter>Header Files</Filter>
    </ClInclude>
    <ClInclude Include="engine\Core\Types\String.h">
      <Filter>Header Files</Filter>
    </ClInclude>
    <ClInclude Include="engine\Core\Platform\Winapi.h">
      <Filter>Header Files</Filter>
    </ClInclude>
    <ClInclude Include="Resource\EngineResource.h">
      <Filter>Header Files</Filter>
    </ClInclude>
    <ClInclude Include="engine\Core\Types\Crypto.h">
      <Filter>Header Files</Filter>
    </ClInclude>
  </ItemGroup>
  <ItemGroup>
    <None Include="Resources\d1.bin">
      <Filter>Resource Files</Filter>
    </None>
    <None Include="engine\Engine.mrbuild" />
  </ItemGroup>
  <ItemGroup>
    <Natvis Include="engine\Core\Core.natvis" />
  </ItemGroup>
  <ItemGroup>
    <ResourceCompile Include="Resource\EngineResource.rc">
      <Filter>Resource Files</Filter>
    </ResourceCompile>
  </ItemGroup>
  <ItemGroup>
    <Image Include="Resource\DefaultEngineIcon.ico">
      <Filter>Resource Files</Filter>
    </Image>
  </ItemGroup>
</Project>